
Microsoft Visual Studio Solution File, Format Version 12.00
# Visual Studio Version 17
VisualStudioVersion = 17.9.34622.214
MinimumVisualStudioVersion = 10.0.40219.1
Project("{FAE04EC0-301F-11D3-BF4B-00C04F79EFBC}") = "RunLengthEncoding.Logic", "RunLengthEncoding.Logic\RunLengthEncoding.Logic.csproj", "{7BED52CE-3D29-4393-8B63-A4BE1D71875D}"
EndProject
Project("{FAE04EC0-301F-11D3-BF4B-00C04F79EFBC}") = "RunLengthEncoding.Logic.Test", "RunLengthEncoding.Logic.Test\RunLengthEncoding.Logic.Test.csproj", "{08CA82D8-8738-4B3E-A044-D378247E4376}"
EndProject
Global
	GlobalSection(SolutionConfigurationPlatforms) = preSolution
		Debug|Any CPU = Debug|Any CPU
		Release|Any CPU = Release|Any CPU
	EndGlobalSection
	GlobalSection(ProjectConfigurationPlatforms) = postSolution
		{7BED52CE-3D29-4393-8B63-A4BE1D71875D}.Debug|Any CPU.ActiveCfg = Debug|Any CPU
		{7BED52CE-3D29-4393-8B63-A4BE1D71875D}.Debug|Any CPU.Build.0 = Debug|Any CPU
		{7BED52CE-3D29-4393-8B63-A4BE1D71875D}.Release|Any CPU.ActiveCfg = Release|Any CPU
		{7BED52CE-3D29-4393-8B63-A4BE1D71875D}.Release|Any CPU.Build.0 = Release|Any CPU
		{08CA82D8-8738-4B3E-A044-D378247E4376}.Debug|Any CPU.ActiveCfg = Debug|Any CPU
		{08CA82D8-8738-4B3E-A044-D378247E4376}.Debug|Any CPU.Build.0 = Debug|Any CPU
		{08CA82D8-8738-4B3E-A044-D378247E4376}.Release|Any CPU.ActiveCfg = Release|Any CPU
		{08CA82D8-8738-4B3E-A044-D378247E4376}.Release|Any CPU.Build.0 = Release|Any CPU
	EndGlobalSection
	GlobalSection(SolutionProperties) = preSolution
		HideSolutionNode = FALSE
	EndGlobalSection
	GlobalSection(ExtensibilityGlobals) = postSolution
		SolutionGuid = {D2D77C30-4194-4A66-B30B-ECAEC01E4BBA}
	EndGlobalSection
EndGlobal
